# THIS IS AN AUTOGENERATED FILE. DO NOT EDIT THIS FILE DIRECTLY.
# yarn lockfile v1


class-transformer@^0.3.1:
  version "0.3.1"
  resolved "https://registry.yarnpkg.com/class-transformer/-/class-transformer-0.3.1.tgz#ee681a5439ff2230fc57f5056412d3befa70d597"
  integrity sha512-cKFwohpJbuMovS8xVLmn8N2AUbAuc8pVo4zEfsUVo8qgECOogns1WVk/FkOZoxhOPTyTYFckuoH+13FO+MQ8GA==
